
Microsoft Visual Studio Solution File, Format Version 12.00
# Visual Studio Version 16
VisualStudioVersion = 16.0.31410.357
MinimumVisualStudioVersion = 10.0.40219.1
Project("{FAE04EC0-301F-11D3-BF4B-00C04F79EFBC}") = "questao01", "questao01\questao01.csproj", "{86C0699B-2FC4-40D3-B268-699BE891BF8F}"
EndProject
Global
	GlobalSection(SolutionConfigurationPlatforms) = preSolution
		Debug|Any CPU = Debug|Any CPU
		Release|Any CPU = Release|Any CPU
	EndGlobalSection
	GlobalSection(ProjectConfigurationPlatforms) = postSolution
		{86C0699B-2FC4-40D3-B268-699BE891BF8F}.Debug|Any CPU.ActiveCfg = Debug|Any CPU
		{86C0699B-2FC4-40D3-B268-699BE891BF8F}.Debug|Any CPU.Build.0 = Debug|Any CPU
		{86C0699B-2FC4-40D3-B268-699BE891BF8F}.Release|Any CPU.ActiveCfg = Release|Any CPU
		{86C0699B-2FC4-40D3-B268-699BE891BF8F}.Release|Any CPU.Build.0 = Release|Any CPU
	EndGlobalSection
	GlobalSection(SolutionProperties) = preSolution
		HideSolutionNode = FALSE
	EndGlobalSection
	GlobalSection(ExtensibilityGlobals) = postSolution
		SolutionGuid = {DBEBABF1-9E80-463D-931B-8281B4A6DFBA}
	EndGlobalSection
EndGlobal
